
Microsoft Visual Studio Solution File, Format Version 12.00
# Visual Studio Version 17
VisualStudioVersion = 17.3.32929.385
MinimumVisualStudioVersion = 10.0.40219.1
Project("{FAE04EC0-301F-11D3-BF4B-00C04F79EFBC}") = "PrimeNumber", "PrimeNumber\PrimeNumber.csproj", "{0052B33D-DF00-4FE1-AB00-865CD2F0ECFE}"
EndProject
Global
	GlobalSection(SolutionConfigurationPlatforms) = preSolution
		Debug|Any CPU = Debug|Any CPU
		Release|Any CPU = Release|Any CPU
	EndGlobalSection
	GlobalSection(ProjectConfigurationPlatforms) = postSolution
		{0052B33D-DF00-4FE1-AB00-865CD2F0ECFE}.Debug|Any CPU.ActiveCfg = Debug|Any CPU
		{0052B33D-DF00-4FE1-AB00-865CD2F0ECFE}.Debug|Any CPU.Build.0 = Debug|Any CPU
		{0052B33D-DF00-4FE1-AB00-865CD2F0ECFE}.Release|Any CPU.ActiveCfg = Release|Any CPU
		{0052B33D-DF00-4FE1-AB00-865CD2F0ECFE}.Release|Any CPU.Build.0 = Release|Any CPU
	EndGlobalSection
	GlobalSection(SolutionProperties) = preSolution
		HideSolutionNode = FALSE
	EndGlobalSection
	GlobalSection(ExtensibilityGlobals) = postSolution
		SolutionGuid = {50FC87CD-7D9D-4350-BB56-B1F1DABC7A92}
	EndGlobalSection
EndGlobal
